{
  "nodes": {
    "flake-utils": {
      "locked": {
        "lastModified": 1667395993,
        "narHash": "sha256-nuEHfE/LcWyuSWnS8t12N1wc105Qtau+/OdUAjtQ0rA=",
        "owner": "numtide",
        "repo": "flake-utils",
        "rev": "5aed5285a952e0b949eb3ba02c12fa4fcfef535f",
        "type": "github"
      },
      "original": {
        "owner": "numtide",
        "repo": "flake-utils",
        "type": "github"
      }
    },
    "flake-utils_2": {
      "locked": {
        "lastModified": 1667395993,
        "narHash": "sha256-nuEHfE/LcWyuSWnS8t12N1wc105Qtau+/OdUAjtQ0rA=",
        "owner": "numtide",
        "repo": "flake-utils",
        "rev": "5aed5285a952e0b949eb3ba02c12fa4fcfef535f",
        "type": "github"
      },
      "original": {
        "owner": "numtide",
        "repo": "flake-utils",
        "type": "github"
      }
    },
    "nixpkgs": {
      "locked": {
        "lastModified": 1674120619,
        "narHash": "sha256-xLT1FQl7/jNPOEq5q/vmc3AExt1V9LtcjM+QY2+MUpA=",
        "owner": "nixos",
        "repo": "nixpkgs",
        "rev": "d7705c01ef0a39c8ef532d1033bace8845a07d35",
        "type": "github"
      },
      "original": {
        "owner": "nixos",
        "ref": "nixos-unstable",
        "repo": "nixpkgs",
        "type": "github"
      }
    },
    "nixpkgs_2": {
      "locked": {
        "lastModified": 1674120619,
        "narHash": "sha256-xLT1FQl7/jNPOEq5q/vmc3AExt1V9LtcjM+QY2+MUpA=",
        "owner": "nixos",
        "repo": "nixpkgs",
        "rev": "d7705c01ef0a39c8ef532d1033bace8845a07d35",
        "type": "github"
      },
      "original": {
        "owner": "nixos",
        "ref": "nixos-unstable",
        "repo": "nixpkgs",
        "type": "github"
      }
    },
    "root": {
      "inputs": {
        "flake-utils": "flake-utils",
        "nixpkgs": "nixpkgs",
        "travel-kit": "travel-kit"
      }
    },
    "travel-kit": {
      "inputs": {
        "flake-utils": "flake-utils_2",
        "nixpkgs": "nixpkgs_2"
      },
      "locked": {
        "lastModified": 1669550573,
        "narHash": "sha256-QRj3xmLd/sci0QLTdmN2iMy5tG0aWlfLHqon7YQTN9U=",
        "owner": "evolutics",
        "repo": "travel-kit",
        "rev": "ca4fa91cbfe34ae5e516312dd231292f1c657e91",
        "type": "github"
      },
      "original": {
        "owner": "evolutics",
        "repo": "travel-kit",
        "type": "github"
      }
    }
  },
  "root": "root",
  "version": 7
}
